
Microsoft Visual Studio Solution File, Format Version 12.00
# Visual Studio Version 17
VisualStudioVersion = 17.10.35004.147
MinimumVisualStudioVersion = 10.0.40219.1
Project("{FAE04EC0-301F-11D3-BF4B-00C04F79EFBC}") = "FluentAssertionsMigrator", "FluentAssertionsMigrator\FluentAssertionsMigrator.csproj", "{468A553F-24A5-43B2-9EDC-E9B92E28FD57}"
EndProject
Global
	GlobalSection(SolutionConfigurationPlatforms) = preSolution
		Debug|Any CPU = Debug|Any CPU
		Release|Any CPU = Release|Any CPU
	EndGlobalSection
	GlobalSection(ProjectConfigurationPlatforms) = postSolution
		{468A553F-24A5-43B2-9EDC-E9B92E28FD57}.Debug|Any CPU.ActiveCfg = Debug|Any CPU
		{468A553F-24A5-43B2-9EDC-E9B92E28FD57}.Debug|Any CPU.Build.0 = Debug|Any CPU
		{468A553F-24A5-43B2-9EDC-E9B92E28FD57}.Release|Any CPU.ActiveCfg = Release|Any CPU
		{468A553F-24A5-43B2-9EDC-E9B92E28FD57}.Release|Any CPU.Build.0 = Release|Any CPU
	EndGlobalSection
	GlobalSection(SolutionProperties) = preSolution
		HideSolutionNode = FALSE
	EndGlobalSection
	GlobalSection(ExtensibilityGlobals) = postSolution
		SolutionGuid = {67117A75-9806-40E8-BA5A-BF111DC68DBD}
	EndGlobalSection
EndGlobal
